
Microsoft Visual Studio Solution File, Format Version 12.00
# Visual Studio 15
VisualStudioVersion = 15.0.26124.0
MinimumVisualStudioVersion = 15.0.26124.0
Project("{2150E333-8FDC-42A3-9474-1A3956D46DE8}") = "src", "src", "{A8A13B71-24AB-4721-ACF3-88DE7404E505}"
EndProject
Project("{FAE04EC0-301F-11D3-BF4B-00C04F79EFBC}") = "ServiceStopper", "src\ServiceStopper\ServiceStopper.csproj", "{2855FDCE-3BF8-47C5-A247-234A62B69233}"
EndProject
Project("{2150E333-8FDC-42A3-9474-1A3956D46DE8}") = "tests", "tests", "{57253AE8-AB55-4FD6-8060-3215EBF2292D}"
EndProject
Project("{FAE04EC0-301F-11D3-BF4B-00C04F79EFBC}") = "ServiceStopperTests", "tests\ServiceStopperTests\ServiceStopperTests.csproj", "{C1B468A5-149B-458D-B86C-6D0BF6B6D38D}"
EndProject
Project("{FAE04EC0-301F-11D3-BF4B-00C04F79EFBC}") = "Core", "tests\Core\Core.csproj", "{EB0FE0AB-9C5C-4074-84AB-A4BAADAE3D76}"
EndProject
Project("{F2A71F9B-5D33-465A-A702-920D77279786}") = "DatabaseStopper", "src\DatabaseStopper\DatabaseStopper.fsproj", "{D6D443F5-B031-4ECD-8254-1973A08114A8}"
EndProject
Project("{F2A71F9B-5D33-465A-A702-920D77279786}") = "DatabaseStopperTests", "tests\DatabaseStopperTests\DatabaseStopperTests.fsproj", "{49C0BAEC-0E0C-4FEF-8248-E0CBFF8A1026}"
EndProject
Global
	GlobalSection(SolutionConfigurationPlatforms) = preSolution
		Debug|Any CPU = Debug|Any CPU
		Debug|x64 = Debug|x64
		Debug|x86 = Debug|x86
		Release|Any CPU = Release|Any CPU
		Release|x64 = Release|x64
		Release|x86 = Release|x86
	EndGlobalSection
	GlobalSection(SolutionProperties) = preSolution
		HideSolutionNode = FALSE
	EndGlobalSection
	GlobalSection(ProjectConfigurationPlatforms) = postSolution
		{2855FDCE-3BF8-47C5-A247-234A62B69233}.Debug|Any CPU.ActiveCfg = Debug|Any CPU
		{2855FDCE-3BF8-47C5-A247-234A62B69233}.Debug|Any CPU.Build.0 = Debug|Any CPU
		{2855FDCE-3BF8-47C5-A247-234A62B69233}.Debug|x64.ActiveCfg = Debug|Any CPU
		{2855FDCE-3BF8-47C5-A247-234A62B69233}.Debug|x64.Build.0 = Debug|Any CPU
		{2855FDCE-3BF8-47C5-A247-234A62B69233}.Debug|x86.ActiveCfg = Debug|Any CPU
		{2855FDCE-3BF8-47C5-A247-234A62B69233}.Debug|x86.Build.0 = Debug|Any CPU
		{2855FDCE-3BF8-47C5-A247-234A62B69233}.Release|Any CPU.ActiveCfg = Release|Any CPU
		{2855FDCE-3BF8-47C5-A247-234A62B69233}.Release|Any CPU.Build.0 = Release|Any CPU
		{2855FDCE-3BF8-47C5-A247-234A62B69233}.Release|x64.ActiveCfg = Release|Any CPU
		{2855FDCE-3BF8-47C5-A247-234A62B69233}.Release|x64.Build.0 = Release|Any CPU
		{2855FDCE-3BF8-47C5-A247-234A62B69233}.Release|x86.ActiveCfg = Release|Any CPU
		{2855FDCE-3BF8-47C5-A247-234A62B69233}.Release|x86.Build.0 = Release|Any CPU
		{C1B468A5-149B-458D-B86C-6D0BF6B6D38D}.Debug|Any CPU.ActiveCfg = Debug|Any CPU
		{C1B468A5-149B-458D-B86C-6D0BF6B6D38D}.Debug|Any CPU.Build.0 = Debug|Any CPU
		{C1B468A5-149B-458D-B86C-6D0BF6B6D38D}.Debug|x64.ActiveCfg = Debug|Any CPU
		{C1B468A5-149B-458D-B86C-6D0BF6B6D38D}.Debug|x64.Build.0 = Debug|Any CPU
		{C1B468A5-149B-458D-B86C-6D0BF6B6D38D}.Debug|x86.ActiveCfg = Debug|Any CPU
		{C1B468A5-149B-458D-B86C-6D0BF6B6D38D}.Debug|x86.Build.0 = Debug|Any CPU
		{C1B468A5-149B-458D-B86C-6D0BF6B6D38D}.Release|Any CPU.ActiveCfg = Release|Any CPU
		{C1B468A5-149B-458D-B86C-6D0BF6B6D38D}.Release|Any CPU.Build.0 = Release|Any CPU
		{C1B468A5-149B-458D-B86C-6D0BF6B6D38D}.Release|x64.ActiveCfg = Release|Any CPU
		{C1B468A5-149B-458D-B86C-6D0BF6B6D38D}.Release|x64.Build.0 = Release|Any CPU
		{C1B468A5-149B-458D-B86C-6D0BF6B6D38D}.Release|x86.ActiveCfg = Release|Any CPU
		{C1B468A5-149B-458D-B86C-6D0BF6B6D38D}.Release|x86.Build.0 = Release|Any CPU
		{EB0FE0AB-9C5C-4074-84AB-A4BAADAE3D76}.Debug|Any CPU.ActiveCfg = Debug|Any CPU
		{EB0FE0AB-9C5C-4074-84AB-A4BAADAE3D76}.Debug|Any CPU.Build.0 = Debug|Any CPU
		{EB0FE0AB-9C5C-4074-84AB-A4BAADAE3D76}.Debug|x64.ActiveCfg = Debug|Any CPU
		{EB0FE0AB-9C5C-4074-84AB-A4BAADAE3D76}.Debug|x64.Build.0 = Debug|Any CPU
		{EB0FE0AB-9C5C-4074-84AB-A4BAADAE3D76}.Debug|x86.ActiveCfg = Debug|Any CPU
		{EB0FE0AB-9C5C-4074-84AB-A4BAADAE3D76}.Debug|x86.Build.0 = Debug|Any CPU
		{EB0FE0AB-9C5C-4074-84AB-A4BAADAE3D76}.Release|Any CPU.ActiveCfg = Release|Any CPU
		{EB0FE0AB-9C5C-4074-84AB-A4BAADAE3D76}.Release|Any CPU.Build.0 = Release|Any CPU
		{EB0FE0AB-9C5C-4074-84AB-A4BAADAE3D76}.Release|x64.ActiveCfg = Release|Any CPU
		{EB0FE0AB-9C5C-4074-84AB-A4BAADAE3D76}.Release|x64.Build.0 = Release|Any CPU
		{EB0FE0AB-9C5C-4074-84AB-A4BAADAE3D76}.Release|x86.ActiveCfg = Release|Any CPU
		{EB0FE0AB-9C5C-4074-84AB-A4BAADAE3D76}.Release|x86.Build.0 = Release|Any CPU
		{D6D443F5-B031-4ECD-8254-1973A08114A8}.Debug|Any CPU.ActiveCfg = Debug|Any CPU
		{D6D443F5-B031-4ECD-8254-1973A08114A8}.Debug|Any CPU.Build.0 = Debug|Any CPU
		{D6D443F5-B031-4ECD-8254-1973A08114A8}.Debug|x64.ActiveCfg = Debug|Any CPU
		{D6D443F5-B031-4ECD-8254-1973A08114A8}.Debug|x64.Build.0 = Debug|Any CPU
		{D6D443F5-B031-4ECD-8254-1973A08114A8}.Debug|x86.ActiveCfg = Debug|Any CPU
		{D6D443F5-B031-4ECD-8254-1973A08114A8}.Debug|x86.Build.0 = Debug|Any CPU
		{D6D443F5-B031-4ECD-8254-1973A08114A8}.Release|Any CPU.ActiveCfg = Release|Any CPU
		{D6D443F5-B031-4ECD-8254-1973A08114A8}.Release|Any CPU.Build.0 = Release|Any CPU
		{D6D443F5-B031-4ECD-8254-1973A08114A8}.Release|x64.ActiveCfg = Release|Any CPU
		{D6D443F5-B031-4ECD-8254-1973A08114A8}.Release|x64.Build.0 = Release|Any CPU
		{D6D443F5-B031-4ECD-8254-1973A08114A8}.Release|x86.ActiveCfg = Release|Any CPU
		{D6D443F5-B031-4ECD-8254-1973A08114A8}.Release|x86.Build.0 = Release|Any CPU
		{49C0BAEC-0E0C-4FEF-8248-E0CBFF8A1026}.Debug|Any CPU.ActiveCfg = Debug|Any CPU
		{49C0BAEC-0E0C-4FEF-8248-E0CBFF8A1026}.Debug|Any CPU.Build.0 = Debug|Any CPU
		{49C0BAEC-0E0C-4FEF-8248-E0CBFF8A1026}.Debug|x64.ActiveCfg = Debug|Any CPU
		{49C0BAEC-0E0C-4FEF-8248-E0CBFF8A1026}.Debug|x64.Build.0 = Debug|Any CPU
		{49C0BAEC-0E0C-4FEF-8248-E0CBFF8A1026}.Debug|x86.ActiveCfg = Debug|Any CPU
		{49C0BAEC-0E0C-4FEF-8248-E0CBFF8A1026}.Debug|x86.Build.0 = Debug|Any CPU
		{49C0BAEC-0E0C-4FEF-8248-E0CBFF8A1026}.Release|Any CPU.ActiveCfg = Release|Any CPU
		{49C0BAEC-0E0C-4FEF-8248-E0CBFF8A1026}.Release|Any CPU.Build.0 = Release|Any CPU
		{49C0BAEC-0E0C-4FEF-8248-E0CBFF8A1026}.Release|x64.ActiveCfg = Release|Any CPU
		{49C0BAEC-0E0C-4FEF-8248-E0CBFF8A1026}.Release|x64.Build.0 = Release|Any CPU
		{49C0BAEC-0E0C-4FEF-8248-E0CBFF8A1026}.Release|x86.ActiveCfg = Release|Any CPU
		{49C0BAEC-0E0C-4FEF-8248-E0CBFF8A1026}.Release|x86.Build.0 = Release|Any CPU
	EndGlobalSection
	GlobalSection(NestedProjects) = preSolution
		{2855FDCE-3BF8-47C5-A247-234A62B69233} = {A8A13B71-24AB-4721-ACF3-88DE7404E505}
		{C1B468A5-149B-458D-B86C-6D0BF6B6D38D} = {57253AE8-AB55-4FD6-8060-3215EBF2292D}
		{EB0FE0AB-9C5C-4074-84AB-A4BAADAE3D76} = {57253AE8-AB55-4FD6-8060-3215EBF2292D}
		{D6D443F5-B031-4ECD-8254-1973A08114A8} = {A8A13B71-24AB-4721-ACF3-88DE7404E505}
		{49C0BAEC-0E0C-4FEF-8248-E0CBFF8A1026} = {57253AE8-AB55-4FD6-8060-3215EBF2292D}
	EndGlobalSection
EndGlobal
